// !$*UTF8*$!
{
	archiveVersion = 1;
	classes = {
	};
	objectVersion = 50;
	objects = {

/* Begin PBXBuildFile section */
		4ED070E9297EB1D200E6C67A /* CardsWorker.swift in Sources */ = {isa = PBXBuildFile; fileRef = 4ED070E8297EB1D200E6C67A /* CardsWorker.swift */; };
		582E70EE27AEA7B0008F5005 /* Animations.swift in Sources */ = {isa = PBXBuildFile; fileRef = 582E70ED27AEA7B0008F5005 /* Animations.swift */; };
		583BBAEA279D4EE600075953 /* 1_PlayerMode.swift in Sources */ = {isa = PBXBuildFile; fileRef = 583BBAE9279D4EE600075953 /* 1_PlayerMode.swift */; };
		583CA413269CD5C9004004D9 /* AppDelegate.swift in Sources */ = {isa = PBXBuildFile; fileRef = 583CA412269CD5C9004004D9 /* AppDelegate.swift */; };
		583CA417269CD5C9004004D9 /* PlayVC.swift in Sources */ = {isa = PBXBuildFile; fileRef = 583CA416269CD5C9004004D9 /* PlayVC.swift */; };
		583CA41A269CD5C9004004D9 /* Main.storyboard in Resources */ = {isa = PBXBuildFile; fileRef = 583CA418269CD5C9004004D9 /* Main.storyboard */; };
		583CA41C269CD5CB004004D9 /* Assets.xcassets in Resources */ = {isa = PBXBuildFile; fileRef = 583CA41B269CD5CB004004D9 /* Assets.xcassets */; };
		583CA41F269CD5CB004004D9 /* LaunchScreen.storyboard in Resources */ = {isa = PBXBuildFile; fileRef = 583CA41D269CD5CB004004D9 /* LaunchScreen.storyboard */; };
		583DA82926C088EC003217B0 /* Player2CardCell.swift in Sources */ = {isa = PBXBuildFile; fileRef = 583DA82826C088EC003217B0 /* Player2CardCell.swift */; };
		584A8AAD28E10B2300177805 /* UIView+Extension.swift in Sources */ = {isa = PBXBuildFile; fileRef = 584A8AAC28E10B2300177805 /* UIView+Extension.swift */; };
		584A8AAF28E10BD700177805 /* MaskedCornerKeys.swift in Sources */ = {isa = PBXBuildFile; fileRef = 584A8AAE28E10BD700177805 /* MaskedCornerKeys.swift */; };
		584A8AB128E10CAA00177805 /* ColorKey.swift in Sources */ = {isa = PBXBuildFile; fileRef = 584A8AB028E10CAA00177805 /* ColorKey.swift */; };
		5852FE8526B069EB0016A0EC /* Player1CardCell.swift in Sources */ = {isa = PBXBuildFile; fileRef = 5852FE8426B069EB0016A0EC /* Player1CardCell.swift */; };
		589C21CA26A6A462003C8251 /* GameOverVC.swift in Sources */ = {isa = PBXBuildFile; fileRef = 589C21C926A6A462003C8251 /* GameOverVC.swift */; };
		589C21EE26A6F718003C8251 /* CardsUI.swift in Sources */ = {isa = PBXBuildFile; fileRef = 589C21ED26A6F718003C8251 /* CardsUI.swift */; };
		589C32EE26A2383600F36408 /* CardModel.swift in Sources */ = {isa = PBXBuildFile; fileRef = 589C32ED26A2383600F36408 /* CardModel.swift */; };
		58A5D86D278D79F80032C744 /* LaunchScreenVC.swift in Sources */ = {isa = PBXBuildFile; fileRef = 58A5D86C278D79F80032C744 /* LaunchScreenVC.swift */; };
		58B1588E295E4F67007194C4 /* Suit.swift in Sources */ = {isa = PBXBuildFile; fileRef = 58B1588D295E4F67007194C4 /* Suit.swift */; };
		58B53FF928DBA7BC008FD5B1 /* AnimationManager.swift in Sources */ = {isa = PBXBuildFile; fileRef = 58B53FF828DBA7BC008FD5B1 /* AnimationManager.swift */; };
		58B53FFC28DBA8FD008FD5B1 /* Constants.swift in Sources */ = {isa = PBXBuildFile; fileRef = 58B53FFB28DBA8FD008FD5B1 /* Constants.swift */; };
		58B53FFE28DBAEBB008FD5B1 /* MCSessionHelper.swift in Sources */ = {isa = PBXBuildFile; fileRef = 58B53FFD28DBAEBB008FD5B1 /* MCSessionHelper.swift */; };
		58CFFCDB279A3C2C00E5256D /* SceneDelegate.swift in Sources */ = {isa = PBXBuildFile; fileRef = 58CFFCDA279A3C2C00E5256D /* SceneDelegate.swift */; };
		58E39FE928DDBE1E00AF6494 /* AnimationKeys.swift in Sources */ = {isa = PBXBuildFile; fileRef = 58E39FE828DDBE1E00AF6494 /* AnimationKeys.swift */; };
		58E39FEC28DDBF3500AF6494 /* ImageKeys.swift in Sources */ = {isa = PBXBuildFile; fileRef = 58E39FEB28DDBF3500AF6494 /* ImageKeys.swift */; };
		58E39FF028DDCAF500AF6494 /* UICollectionView+Extension.swift in Sources */ = {isa = PBXBuildFile; fileRef = 58E39FEF28DDCAF500AF6494 /* UICollectionView+Extension.swift */; };
/* End PBXBuildFile section */

/* Begin PBXFileReference section */
		4ED070E8297EB1D200E6C67A /* CardsWorker.swift */ = {isa = PBXFileReference; lastKnownFileType = sourcecode.swift; path = CardsWorker.swift; sourceTree = "<group>"; };
		582E70ED27AEA7B0008F5005 /* Animations.swift */ = {isa = PBXFileReference; lastKnownFileType = sourcecode.swift; path = Animations.swift; sourceTree = "<group>"; };
		583BBAE9279D4EE600075953 /* 1_PlayerMode.swift */ = {isa = PBXFileReference; lastKnownFileType = sourcecode.swift; path = 1_PlayerMode.swift; sourceTree = "<group>"; };
		583CA40F269CD5C9004004D9 /* Pigobana.app */ = {isa = PBXFileReference; explicitFileType = wrapper.application; includeInIndex = 0; path = Pigobana.app; sourceTree = BUILT_PRODUCTS_DIR; };
		583CA412269CD5C9004004D9 /* AppDelegate.swift */ = {isa = PBXFileReference; lastKnownFileType = sourcecode.swift; path = AppDelegate.swift; sourceTree = "<group>"; };
		583CA416269CD5C9004004D9 /* PlayVC.swift */ = {isa = PBXFileReference; lastKnownFileType = sourcecode.swift; path = PlayVC.swift; sourceTree = "<group>"; };
		583CA419269CD5C9004004D9 /* Base */ = {isa = PBXFileReference; lastKnownFileType = file.storyboard; name = Base; path = Base.lproj/Main.storyboard; sourceTree = "<group>"; };
		583CA41B269CD5CB004004D9 /* Assets.xcassets */ = {isa = PBXFileReference; lastKnownFileType = folder.assetcatalog; path = Assets.xcassets; sourceTree = "<group>"; };
		583CA41E269CD5CB004004D9 /* Base */ = {isa = PBXFileReference; lastKnownFileType = file.storyboard; name = Base; path = Base.lproj/LaunchScreen.storyboard; sourceTree = "<group>"; };
		583CA420269CD5CB004004D9 /* Info.plist */ = {isa = PBXFileReference; lastKnownFileType = text.plist.xml; path = Info.plist; sourceTree = "<group>"; };
		583DA82826C088EC003217B0 /* Player2CardCell.swift */ = {isa = PBXFileReference; lastKnownFileType = sourcecode.swift; path = Player2CardCell.swift; sourceTree = "<group>"; };
		584A8AAC28E10B2300177805 /* UIView+Extension.swift */ = {isa = PBXFileReference; lastKnownFileType = sourcecode.swift; path = "UIView+Extension.swift"; sourceTree = "<group>"; };
		584A8AAE28E10BD700177805 /* MaskedCornerKeys.swift */ = {isa = PBXFileReference; lastKnownFileType = sourcecode.swift; path = MaskedCornerKeys.swift; sourceTree = "<group>"; };
		584A8AB028E10CAA00177805 /* ColorKey.swift */ = {isa = PBXFileReference; lastKnownFileType = sourcecode.swift; path = ColorKey.swift; sourceTree = "<group>"; };
		5852FE8426B069EB0016A0EC /* Player1CardCell.swift */ = {isa = PBXFileReference; lastKnownFileType = sourcecode.swift; path = Player1CardCell.swift; sourceTree = "<group>"; };
		589C21C926A6A462003C8251 /* GameOverVC.swift */ = {isa = PBXFileReference; lastKnownFileType = sourcecode.swift; path = GameOverVC.swift; sourceTree = "<group>"; };
		589C21ED26A6F718003C8251 /* CardsUI.swift */ = {isa = PBXFileReference; lastKnownFileType = sourcecode.swift; path = CardsUI.swift; sourceTree = "<group>"; };
		589C32ED26A2383600F36408 /* CardModel.swift */ = {isa = PBXFileReference; lastKnownFileType = sourcecode.swift; path = CardModel.swift; sourceTree = "<group>"; };
		58A5D86C278D79F80032C744 /* LaunchScreenVC.swift */ = {isa = PBXFileReference; lastKnownFileType = sourcecode.swift; path = LaunchScreenVC.swift; sourceTree = "<group>"; };
		58B1588D295E4F67007194C4 /* Suit.swift */ = {isa = PBXFileReference; lastKnownFileType = sourcecode.swift; path = Suit.swift; sourceTree = "<group>"; };
		58B53FF828DBA7BC008FD5B1 /* AnimationManager.swift */ = {isa = PBXFileReference; lastKnownFileType = sourcecode.swift; path = AnimationManager.swift; sourceTree = "<group>"; };
		58B53FFB28DBA8FD008FD5B1 /* Constants.swift */ = {isa = PBXFileReference; lastKnownFileType = sourcecode.swift; path = Constants.swift; sourceTree = "<group>"; };
		58B53FFD28DBAEBB008FD5B1 /* MCSessionHelper.swift */ = {isa = PBXFileReference; lastKnownFileType = sourcecode.swift; path = MCSessionHelper.swift; sourceTree = "<group>"; };
		58CFFCDA279A3C2C00E5256D /* SceneDelegate.swift */ = {isa = PBXFileReference; fileEncoding = 4; lastKnownFileType = sourcecode.swift; path = SceneDelegate.swift; sourceTree = "<group>"; };
		58E39FE828DDBE1E00AF6494 /* AnimationKeys.swift */ = {isa = PBXFileReference; lastKnownFileType = sourcecode.swift; path = AnimationKeys.swift; sourceTree = "<group>"; };
		58E39FEB28DDBF3500AF6494 /* ImageKeys.swift */ = {isa = PBXFileReference; lastKnownFileType = sourcecode.swift; path = ImageKeys.swift; sourceTree = "<group>"; };
		58E39FEF28DDCAF500AF6494 /* UICollectionView+Extension.swift */ = {isa = PBXFileReference; lastKnownFileType = sourcecode.swift; path = "UICollectionView+Extension.swift"; sourceTree = "<group>"; };
/* End PBXFileReference section */

/* Begin PBXFrameworksBuildPhase section */
		583CA40C269CD5C9004004D9 /* Frameworks */ = {
			isa = PBXFrameworksBuildPhase;
			buildActionMask = 2147483647;
			files = (
			);
			runOnlyForDeploymentPostprocessing = 0;
		};
/* End PBXFrameworksBuildPhase section */

/* Begin PBXGroup section */
		583CA406269CD5C9004004D9 = {
			isa = PBXGroup;
			children = (
				583CA411269CD5C9004004D9 /* Pigobana */,
				583CA410269CD5C9004004D9 /* Products */,
			);
			sourceTree = "<group>";
		};
		583CA410269CD5C9004004D9 /* Products */ = {
			isa = PBXGroup;
			children = (
				583CA40F269CD5C9004004D9 /* Pigobana.app */,
			);
			name = Products;
			sourceTree = "<group>";
		};
		583CA411269CD5C9004004D9 /* Pigobana */ = {
			isa = PBXGroup;
			children = (
				58B53FF728DBA792008FD5B1 /* App */,
				58B53FFA28DBA8EF008FD5B1 /* Helper */,
				58E39FEE28DDCAE200AF6494 /* Extension */,
				58B53FF628DBA785008FD5B1 /* Manager */,
				589C32EF26A238C700F36408 /* Model */,
				589C32F126A238ED00F36408 /* View */,
				589C32F026A238D900F36408 /* ViewModel */,
				58E39FED28DDC58200AF6494 /* Resources */,
				583CA420269CD5CB004004D9 /* Info.plist */,
			);
			path = Pigobana;
			sourceTree = "<group>";
		};
		589C32EF26A238C700F36408 /* Model */ = {
			isa = PBXGroup;
			children = (
				58B1588D295E4F67007194C4 /* Suit.swift */,
				589C32ED26A2383600F36408 /* CardModel.swift */,
			);
			path = Model;
			sourceTree = "<group>";
		};
		589C32F026A238D900F36408 /* ViewModel */ = {
			isa = PBXGroup;
			children = (
				58A5D86C278D79F80032C744 /* LaunchScreenVC.swift */,
				583CA416269CD5C9004004D9 /* PlayVC.swift */,
				589C21C926A6A462003C8251 /* GameOverVC.swift */,
				583BBAE9279D4EE600075953 /* 1_PlayerMode.swift */,
				4ED070E8297EB1D200E6C67A /* CardsWorker.swift */,
			);
			path = ViewModel;
			sourceTree = "<group>";
		};
		589C32F126A238ED00F36408 /* View */ = {
			isa = PBXGroup;
			children = (
				58CB21B4294F26FE007DFA89 /* Cells */,
				589C21ED26A6F718003C8251 /* CardsUI.swift */,
				582E70ED27AEA7B0008F5005 /* Animations.swift */,
				583CA418269CD5C9004004D9 /* Main.storyboard */,
			);
			path = View;
			sourceTree = "<group>";
		};
		58B53FF628DBA785008FD5B1 /* Manager */ = {
			isa = PBXGroup;
			children = (
				58B53FF828DBA7BC008FD5B1 /* AnimationManager.swift */,
			);
			path = Manager;
			sourceTree = "<group>";
		};
		58B53FF728DBA792008FD5B1 /* App */ = {
			isa = PBXGroup;
			children = (
				583CA412269CD5C9004004D9 /* AppDelegate.swift */,
				58CFFCDA279A3C2C00E5256D /* SceneDelegate.swift */,
			);
			path = App;
			sourceTree = "<group>";
		};
		58B53FFA28DBA8EF008FD5B1 /* Helper */ = {
			isa = PBXGroup;
			children = (
				58B53FFB28DBA8FD008FD5B1 /* Constants.swift */,
				58B53FFD28DBAEBB008FD5B1 /* MCSessionHelper.swift */,
				58E39FE828DDBE1E00AF6494 /* AnimationKeys.swift */,
				58E39FEB28DDBF3500AF6494 /* ImageKeys.swift */,
				584A8AAE28E10BD700177805 /* MaskedCornerKeys.swift */,
				584A8AB028E10CAA00177805 /* ColorKey.swift */,
			);
			path = Helper;
			sourceTree = "<group>";
		};
		58CB21B4294F26FE007DFA89 /* Cells */ = {
			isa = PBXGroup;
			children = (
				5852FE8426B069EB0016A0EC /* Player1CardCell.swift */,
				583DA82826C088EC003217B0 /* Player2CardCell.swift */,
			);
			path = Cells;
			sourceTree = "<group>";
		};
		58E39FED28DDC58200AF6494 /* Resources */ = {
			isa = PBXGroup;
			children = (
				583CA41B269CD5CB004004D9 /* Assets.xcassets */,
				583CA41D269CD5CB004004D9 /* LaunchScreen.storyboard */,
			);
			path = Resources;
			sourceTree = "<group>";
		};
		58E39FEE28DDCAE200AF6494 /* Extension */ = {
			isa = PBXGroup;
			children = (
				58E39FEF28DDCAF500AF6494 /* UICollectionView+Extension.swift */,
				584A8AAC28E10B2300177805 /* UIView+Extension.swift */,
			);
			path = Extension;
			sourceTree = "<group>";
		};
/* End PBXGroup section */

/* Begin PBXNativeTarget section */
		583CA40E269CD5C9004004D9 /* Pigobana */ = {
			isa = PBXNativeTarget;
			buildConfigurationList = 583CA423269CD5CB004004D9 /* Build configuration list for PBXNativeTarget "Pigobana" */;
			buildPhases = (
				583CA40B269CD5C9004004D9 /* Sources */,
				583CA40C269CD5C9004004D9 /* Frameworks */,
				583CA40D269CD5C9004004D9 /* Resources */,
			);
			buildRules = (
			);
			dependencies = (
			);
			name = Pigobana;
			productName = Pigobana;
			productReference = 583CA40F269CD5C9004004D9 /* Pigobana.app */;
			productType = "com.apple.product-type.application";
		};
/* End PBXNativeTarget section */

/* Begin PBXProject section */
		583CA407269CD5C9004004D9 /* Project object */ = {
			isa = PBXProject;
			attributes = {
				LastSwiftUpdateCheck = 1250;
				LastUpgradeCheck = 1250;
				TargetAttributes = {
					583CA40E269CD5C9004004D9 = {
						CreatedOnToolsVersion = 12.5.1;
					};
				};
			};
			buildConfigurationList = 583CA40A269CD5C9004004D9 /* Build configuration list for PBXProject "Pigobana" */;
			compatibilityVersion = "Xcode 9.3";
			developmentRegion = en;
			hasScannedForEncodings = 0;
			knownRegions = (
				en,
				Base,
			);
			mainGroup = 583CA406269CD5C9004004D9;
			productRefGroup = 583CA410269CD5C9004004D9 /* Products */;
			projectDirPath = "";
			projectRoot = "";
			targets = (
				583CA40E269CD5C9004004D9 /* Pigobana */,
			);
		};
/* End PBXProject section */

/* Begin PBXResourcesBuildPhase section */
		583CA40D269CD5C9004004D9 /* Resources */ = {
			isa = PBXResourcesBuildPhase;
			buildActionMask = 2147483647;
			files = (
				583CA41F269CD5CB004004D9 /* LaunchScreen.storyboard in Resources */,
				583CA41C269CD5CB004004D9 /* Assets.xcassets in Resources */,
				583CA41A269CD5C9004004D9 /* Main.storyboard in Resources */,
			);
			runOnlyForDeploymentPostprocessing = 0;
		};
/* End PBXResourcesBuildPhase section */

/* Begin PBXSourcesBuildPhase section */
		583CA40B269CD5C9004004D9 /* Sources */ = {
			isa = PBXSourcesBuildPhase;
			buildActionMask = 2147483647;
			files = (
				58B1588E295E4F67007194C4 /* Suit.swift in Sources */,
				583CA417269CD5C9004004D9 /* PlayVC.swift in Sources */,
				4ED070E9297EB1D200E6C67A /* CardsWorker.swift in Sources */,
				58A5D86D278D79F80032C744 /* LaunchScreenVC.swift in Sources */,
				583BBAEA279D4EE600075953 /* 1_PlayerMode.swift in Sources */,
				58B53FFE28DBAEBB008FD5B1 /* MCSessionHelper.swift in Sources */,
				58B53FF928DBA7BC008FD5B1 /* AnimationManager.swift in Sources */,
				58E39FE928DDBE1E00AF6494 /* AnimationKeys.swift in Sources */,
				58E39FEC28DDBF3500AF6494 /* ImageKeys.swift in Sources */,
				58B53FFC28DBA8FD008FD5B1 /* Constants.swift in Sources */,
				583CA413269CD5C9004004D9 /* AppDelegate.swift in Sources */,
				589C21EE26A6F718003C8251 /* CardsUI.swift in Sources */,
				584A8AAF28E10BD700177805 /* MaskedCornerKeys.swift in Sources */,
				5852FE8526B069EB0016A0EC /* Player1CardCell.swift in Sources */,
				582E70EE27AEA7B0008F5005 /* Animations.swift in Sources */,
				589C32EE26A2383600F36408 /* CardModel.swift in Sources */,
				589C21CA26A6A462003C8251 /* GameOverVC.swift in Sources */,
				58E39FF028DDCAF500AF6494 /* UICollectionView+Extension.swift in Sources */,
				583DA82926C088EC003217B0 /* Player2CardCell.swift in Sources */,
				584A8AAD28E10B2300177805 /* UIView+Extension.swift in Sources */,
				58CFFCDB279A3C2C00E5256D /* SceneDelegate.swift in Sources */,
				584A8AB128E10CAA00177805 /* ColorKey.swift in Sources */,
			);
			runOnlyForDeploymentPostprocessing = 0;
		};
/* End PBXSourcesBuildPhase section */

/* Begin PBXVariantGroup section */
		583CA418269CD5C9004004D9 /* Main.storyboard */ = {
			isa = PBXVariantGroup;
			children = (
				583CA419269CD5C9004004D9 /* Base */,
			);
			name = Main.storyboard;
			sourceTree = "<group>";
		};
		583CA41D269CD5CB004004D9 /* LaunchScreen.storyboard */ = {
			isa = PBXVariantGroup;
			children = (
				583CA41E269CD5CB004004D9 /* Base */,
			);
			name = LaunchScreen.storyboard;
			sourceTree = "<group>";
		};
/* End PBXVariantGroup section */

/* Begin XCBuildConfiguration section */
		583CA421269CD5CB004004D9 /* Debug */ = {
			isa = XCBuildConfiguration;
			buildSettings = {
				ALWAYS_SEARCH_USER_PATHS = NO;
				CLANG_ANALYZER_NONNULL = YES;
				CLANG_ANALYZER_NUMBER_OBJECT_CONVERSION = YES_AGGRESSIVE;
				CLANG_CXX_LANGUAGE_STANDARD = "gnu++14";
				CLANG_CXX_LIBRARY = "libc++";
				CLANG_ENABLE_MODULES = YES;
				CLANG_ENABLE_OBJC_ARC = YES;
				CLANG_ENABLE_OBJC_WEAK = YES;
				CLANG_WARN_BLOCK_CAPTURE_AUTORELEASING = YES;
				CLANG_WARN_BOOL_CONVERSION = YES;
				CLANG_WARN_COMMA = YES;
				CLANG_WARN_CONSTANT_CONVERSION = YES;
				CLANG_WARN_DEPRECATED_OBJC_IMPLEMENTATIONS = YES;
				CLANG_WARN_DIRECT_OBJC_ISA_USAGE = YES_ERROR;
				CLANG_WARN_DOCUMENTATION_COMMENTS = YES;
				CLANG_WARN_EMPTY_BODY = YES;
				CLANG_WARN_ENUM_CONVERSION = YES;
				CLANG_WARN_INFINITE_RECURSION = YES;
				CLANG_WARN_INT_CONVERSION = YES;
				CLANG_WARN_NON_LITERAL_NULL_CONVERSION = YES;
				CLANG_WARN_OBJC_IMPLICIT_RETAIN_SELF = YES;
				CLANG_WARN_OBJC_LITERAL_CONVERSION = YES;
				CLANG_WARN_OBJC_ROOT_CLASS = YES_ERROR;
				CLANG_WARN_QUOTED_INCLUDE_IN_FRAMEWORK_HEADER = YES;
				CLANG_WARN_RANGE_LOOP_ANALYSIS = YES;
				CLANG_WARN_STRICT_PROTOTYPES = YES;
				CLANG_WARN_SUSPICIOUS_MOVE = YES;
				CLANG_WARN_UNGUARDED_AVAILABILITY = YES_AGGRESSIVE;
				CLANG_WARN_UNREACHABLE_CODE = YES;
				CLANG_WARN__DUPLICATE_METHOD_MATCH = YES;
				COPY_PHASE_STRIP = NO;
				DEBUG_INFORMATION_FORMAT = dwarf;
				ENABLE_STRICT_OBJC_MSGSEND = YES;
				ENABLE_TESTABILITY = YES;
				GCC_C_LANGUAGE_STANDARD = gnu11;
				GCC_DYNAMIC_NO_PIC = NO;
				GCC_NO_COMMON_BLOCKS = YES;
				GCC_OPTIMIZATION_LEVEL = 0;
				GCC_PREPROCESSOR_DEFINITIONS = (
					"DEBUG=1",
					"$(inherited)",
				);
				GCC_WARN_64_TO_32_BIT_CONVERSION = YES;
				GCC_WARN_ABOUT_RETURN_TYPE = YES_ERROR;
				GCC_WARN_UNDECLARED_SELECTOR = YES;
				GCC_WARN_UNINITIALIZED_AUTOS = YES_AGGRESSIVE;
				GCC_WARN_UNUSED_FUNCTION = YES;
				GCC_WARN_UNUSED_VARIABLE = YES;
				IPHONEOS_DEPLOYMENT_TARGET = 15.2;
				MTL_ENABLE_DEBUG_INFO = INCLUDE_SOURCE;
				MTL_FAST_MATH = YES;
				ONLY_ACTIVE_ARCH = YES;
				SDKROOT = iphoneos;
				SWIFT_ACTIVE_COMPILATION_CONDITIONS = DEBUG;
				SWIFT_OPTIMIZATION_LEVEL = "-Onone";
			};
			name = Debug;
		};
		583CA422269CD5CB004004D9 /* Release */ = {
			isa = XCBuildConfiguration;
			buildSettings = {
				ALWAYS_SEARCH_USER_PATHS = NO;
				CLANG_ANALYZER_NONNULL = YES;
				CLANG_ANALYZER_NUMBER_OBJECT_CONVERSION = YES_AGGRESSIVE;
				CLANG_CXX_LANGUAGE_STANDARD = "gnu++14";
				CLANG_CXX_LIBRARY = "libc++";
				CLANG_ENABLE_MODULES = YES;
				CLANG_ENABLE_OBJC_ARC = YES;
				CLANG_ENABLE_OBJC_WEAK = YES;
				CLANG_WARN_BLOCK_CAPTURE_AUTORELEASING = YES;
				CLANG_WARN_BOOL_CONVERSION = YES;
				CLANG_WARN_COMMA = YES;
				CLANG_WARN_CONSTANT_CONVERSION = YES;
				CLANG_WARN_DEPRECATED_OBJC_IMPLEMENTATIONS = YES;
				CLANG_WARN_DIRECT_OBJC_ISA_USAGE = YES_ERROR;
				CLANG_WARN_DOCUMENTATION_COMMENTS = YES;
				CLANG_WARN_EMPTY_BODY = YES;
				CLANG_WARN_ENUM_CONVERSION = YES;
				CLANG_WARN_INFINITE_RECURSION = YES;
				CLANG_WARN_INT_CONVERSION = YES;
				CLANG_WARN_NON_LITERAL_NULL_CONVERSION = YES;
				CLANG_WARN_OBJC_IMPLICIT_RETAIN_SELF = YES;
				CLANG_WARN_OBJC_LITERAL_CONVERSION = YES;
				CLANG_WARN_OBJC_ROOT_CLASS = YES_ERROR;
				CLANG_WARN_QUOTED_INCLUDE_IN_FRAMEWORK_HEADER = YES;
				CLANG_WARN_RANGE_LOOP_ANALYSIS = YES;
				CLANG_WARN_STRICT_PROTOTYPES = YES;
				CLANG_WARN_SUSPICIOUS_MOVE = YES;
				CLANG_WARN_UNGUARDED_AVAILABILITY = YES_AGGRESSIVE;
				CLANG_WARN_UNREACHABLE_CODE = YES;
				CLANG_WARN__DUPLICATE_METHOD_MATCH = YES;
				COPY_PHASE_STRIP = NO;
				DEBUG_INFORMATION_FORMAT = "dwarf-with-dsym";
				ENABLE_NS_ASSERTIONS = NO;
				ENABLE_STRICT_OBJC_MSGSEND = YES;
				GCC_C_LANGUAGE_STANDARD = gnu11;
				GCC_NO_COMMON_BLOCKS = YES;
				GCC_WARN_64_TO_32_BIT_CONVERSION = YES;
				GCC_WARN_ABOUT_RETURN_TYPE = YES_ERROR;
				GCC_WARN_UNDECLARED_SELECTOR = YES;
				GCC_WARN_UNINITIALIZED_AUTOS = YES_AGGRESSIVE;
				GCC_WARN_UNUSED_FUNCTION = YES;
				GCC_WARN_UNUSED_VARIABLE = YES;
				IPHONEOS_DEPLOYMENT_TARGET = 15.2;
				MTL_ENABLE_DEBUG_INFO = NO;
				MTL_FAST_MATH = YES;
				SDKROOT = iphoneos;
				SWIFT_COMPILATION_MODE = wholemodule;
				SWIFT_OPTIMIZATION_LEVEL = "-O";
				VALIDATE_PRODUCT = YES;
			};
			name = Release;
		};
		583CA424269CD5CB004004D9 /* Debug */ = {
			isa = XCBuildConfiguration;
			buildSettings = {
				ASSETCATALOG_COMPILER_APPICON_NAME = AppIcon;
				ASSETCATALOG_COMPILER_GLOBAL_ACCENT_COLOR_NAME = AccentColor;
				CODE_SIGN_IDENTITY = "Apple Development";
				CODE_SIGN_STYLE = Automatic;
				DEVELOPMENT_TEAM = RNA58LVUWN;
				INFOPLIST_FILE = Pigobana/Info.plist;
				INFOPLIST_KEY_LSApplicationCategoryType = "public.app-category.card-games";
				LD_RUNPATH_SEARCH_PATHS = (
					"$(inherited)",
					"@executable_path/Frameworks",
				);
				PRODUCT_BUNDLE_IDENTIFIER = com.sabakhitaridze.Pigobana;
				PRODUCT_NAME = "$(TARGET_NAME)";
				PROVISIONING_PROFILE_SPECIFIER = "";
				SWIFT_VERSION = 5.0;
				TARGETED_DEVICE_FAMILY = "1,2";
			};
			name = Debug;
		};
		583CA425269CD5CB004004D9 /* Release */ = {
			isa = XCBuildConfiguration;
			buildSettings = {
				ASSETCATALOG_COMPILER_APPICON_NAME = AppIcon;
				ASSETCATALOG_COMPILER_GLOBAL_ACCENT_COLOR_NAME = AccentColor;
				CODE_SIGN_IDENTITY = "Apple Development";
				CODE_SIGN_STYLE = Automatic;
				DEVELOPMENT_TEAM = RNA58LVUWN;
				INFOPLIST_FILE = Pigobana/Info.plist;
				INFOPLIST_KEY_LSApplicationCategoryType = "public.app-category.card-games";
				LD_RUNPATH_SEARCH_PATHS = (
					"$(inherited)",
					"@executable_path/Frameworks",
				);
				PRODUCT_BUNDLE_IDENTIFIER = com.sabakhitaridze.Pigobana;
				PRODUCT_NAME = "$(TARGET_NAME)";
				PROVISIONING_PROFILE_SPECIFIER = "";
				SWIFT_VERSION = 5.0;
				TARGETED_DEVICE_FAMILY = "1,2";
			};
			name = Release;
		};
/* End XCBuildConfiguration section */

/* Begin XCConfigurationList section */
		583CA40A269CD5C9004004D9 /* Build configuration list for PBXProject "Pigobana" */ = {
			isa = XCConfigurationList;
			buildConfigurations = (
				583CA421269CD5CB004004D9 /* Debug */,
				583CA422269CD5CB004004D9 /* Release */,
			);
			defaultConfigurationIsVisible = 0;
			defaultConfigurationName = Release;
		};
		583CA423269CD5CB004004D9 /* Build configuration list for PBXNativeTarget "Pigobana" */ = {
			isa = XCConfigurationList;
			buildConfigurations = (
				583CA424269CD5CB004004D9 /* Debug */,
				583CA425269CD5CB004004D9 /* Release */,
			);
			defaultConfigurationIsVisible = 0;
			defaultConfigurationName = Release;
		};
/* End XCConfigurationList section */
	};
	rootObject = 583CA407269CD5C9004004D9 /* Project object */;
}
